{
    "requires": true,
    "lockfileVersion": 1,
    "dependencies": {
        "hdjs": {
            "version": "1.2.105",
            "resolved": "http://registry.npm.taobao.org/hdjs/download/hdjs-1.2.105.tgz",
            "integrity": "sha1-a+oaoWkOaR+lacxpmDmjOMU2QOc=",
            "requires": {
                "webuploader": "0.1.8"
            }
        },
        "webuploader": {
            "version": "0.1.8",
            "resolved": "http://registry.npm.taobao.org/webuploader/download/webuploader-0.1.8.tgz",
            "integrity": "sha1-eoTygrTTy791PHmt9ITaTmno6eE="
        }
    }
}
